// !$*UTF8*$!
{
	archiveVersion = 1;
	classes = {
	};
	objectVersion = 50;
	objects = {

/* Begin PBXBuildFile section */
		4EBAAD4125835BD400683D2F /* samplesApp.swift in Sources */ = {isa = PBXBuildFile; fileRef = 4EBAAD4025835BD400683D2F /* samplesApp.swift */; };
		4EBAAD4325835BD400683D2F /* ContentView.swift in Sources */ = {isa = PBXBuildFile; fileRef = 4EBAAD4225835BD400683D2F /* ContentView.swift */; };
		4EBAAD4525835BD500683D2F /* Assets.xcassets in Resources */ = {isa = PBXBuildFile; fileRef = 4EBAAD4425835BD500683D2F /* Assets.xcassets */; };
		4EBAAD4825835BD500683D2F /* Preview Assets.xcassets in Resources */ = {isa = PBXBuildFile; fileRef = 4EBAAD4725835BD500683D2F /* Preview Assets.xcassets */; };
		4EBAAD5325835BD500683D2F /* samplesTests.swift in Sources */ = {isa = PBXBuildFile; fileRef = 4EBAAD5225835BD500683D2F /* samplesTests.swift */; };
		4EBAAD5E25835BD500683D2F /* samplesUITests.swift in Sources */ = {isa = PBXBuildFile; fileRef = 4EBAAD5D25835BD500683D2F /* samplesUITests.swift */; };
/* End PBXBuildFile section */

/* Begin PBXContainerItemProxy section */
		4EBAAD4F25835BD500683D2F /* PBXContainerItemProxy */ = {
			isa = PBXContainerItemProxy;
			containerPortal = 4EBAAD3525835BD400683D2F /* Project object */;
			proxyType = 1;
			remoteGlobalIDString = 4EBAAD3C25835BD400683D2F;
			remoteInfo = samples;
		};
		4EBAAD5A25835BD500683D2F /* PBXContainerItemProxy */ = {
			isa = PBXContainerItemProxy;
			containerPortal = 4EBAAD3525835BD400683D2F /* Project object */;
			proxyType = 1;
			remoteGlobalIDString = 4EBAAD3C25835BD400683D2F;
			remoteInfo = samples;
		};
/* End PBXContainerItemProxy section */

/* Begin PBXFileReference section */
		4EBAAD3D25835BD400683D2F /* samples.app */ = {isa = PBXFileReference; explicitFileType = wrapper.application; includeInIndex = 0; path = samples.app; sourceTree = BUILT_PRODUCTS_DIR; };
		4EBAAD4025835BD400683D2F /* samplesApp.swift */ = {isa = PBXFileReference; lastKnownFileType = sourcecode.swift; path = samplesApp.swift; sourceTree = "<group>"; };
		4EBAAD4225835BD400683D2F /* ContentView.swift */ = {isa = PBXFileReference; lastKnownFileType = sourcecode.swift; path = ContentView.swift; sourceTree = "<group>"; };
		4EBAAD4425835BD500683D2F /* Assets.xcassets */ = {isa = PBXFileReference; lastKnownFileType = folder.assetcatalog; path = Assets.xcassets; sourceTree = "<group>"; };
		4EBAAD4725835BD500683D2F /* Preview Assets.xcassets */ = {isa = PBXFileReference; lastKnownFileType = folder.assetcatalog; path = "Preview Assets.xcassets"; sourceTree = "<group>"; };
		4EBAAD4925835BD500683D2F /* Info.plist */ = {isa = PBXFileReference; lastKnownFileType = text.plist.xml; path = Info.plist; sourceTree = "<group>"; };
		4EBAAD4E25835BD500683D2F /* samplesTests.xctest */ = {isa = PBXFileReference; explicitFileType = wrapper.cfbundle; includeInIndex = 0; path = samplesTests.xctest; sourceTree = BUILT_PRODUCTS_DIR; };
		4EBAAD5225835BD500683D2F /* samplesTests.swift */ = {isa = PBXFileReference; lastKnownFileType = sourcecode.swift; path = samplesTests.swift; sourceTree = "<group>"; };
		4EBAAD5425835BD500683D2F /* Info.plist */ = {isa = PBXFileReference; lastKnownFileType = text.plist.xml; path = Info.plist; sourceTree = "<group>"; };
		4EBAAD5925835BD500683D2F /* samplesUITests.xctest */ = {isa = PBXFileReference; explicitFileType = wrapper.cfbundle; includeInIndex = 0; path = samplesUITests.xctest; sourceTree = BUILT_PRODUCTS_DIR; };
		4EBAAD5D25835BD500683D2F /* samplesUITests.swift */ = {isa = PBXFileReference; lastKnownFileType = sourcecode.swift; path = samplesUITests.swift; sourceTree = "<group>"; };
		4EBAAD5F25835BD500683D2F /* Info.plist */ = {isa = PBXFileReference; lastKnownFileType = text.plist.xml; path = Info.plist; sourceTree = "<group>"; };
/* End PBXFileReference section */

/* Begin PBXFrameworksBuildPhase section */
		4EBAAD3A25835BD400683D2F /* Frameworks */ = {
			isa = PBXFrameworksBuildPhase;
			buildActionMask = 2147483647;
			files = (
			);
			runOnlyForDeploymentPostprocessing = 0;
		};
		4EBAAD4B25835BD500683D2F /* Frameworks */ = {
			isa = PBXFrameworksBuildPhase;
			buildActionMask = 2147483647;
			files = (
			);
			runOnlyForDeploymentPostprocessing = 0;
		};
		4EBAAD5625835BD500683D2F /* Frameworks */ = {
			isa = PBXFrameworksBuildPhase;
			buildActionMask = 2147483647;
			files = (
			);
			runOnlyForDeploymentPostprocessing = 0;
		};
/* End PBXFrameworksBuildPhase section */

/* Begin PBXGroup section */
		4EBAAD3425835BD400683D2F = {
			isa = PBXGroup;
			children = (
				4EBAAD3F25835BD400683D2F /* samples */,
				4EBAAD5125835BD500683D2F /* samplesTests */,
				4EBAAD5C25835BD500683D2F /* samplesUITests */,
				4EBAAD3E25835BD400683D2F /* Products */,
			);
			sourceTree = "<group>";
		};
		4EBAAD3E25835BD400683D2F /* Products */ = {
			isa = PBXGroup;
			children = (
				4EBAAD3D25835BD400683D2F /* samples.app */,
				4EBAAD4E25835BD500683D2F /* samplesTests.xctest */,
				4EBAAD5925835BD500683D2F /* samplesUITests.xctest */,
			);
			name = Products;
			sourceTree = "<group>";
		};
		4EBAAD3F25835BD400683D2F /* samples */ = {
			isa = PBXGroup;
			children = (
				4EBAAD4025835BD400683D2F /* samplesApp.swift */,
				4EBAAD4225835BD400683D2F /* ContentView.swift */,
				4EBAAD4425835BD500683D2F /* Assets.xcassets */,
				4EBAAD4925835BD500683D2F /* Info.plist */,
				4EBAAD4625835BD500683D2F /* Preview Content */,
			);
			path = samples;
			sourceTree = "<group>";
		};
		4EBAAD4625835BD500683D2F /* Preview Content */ = {
			isa = PBXGroup;
			children = (
				4EBAAD4725835BD500683D2F /* Preview Assets.xcassets */,
			);
			path = "Preview Content";
			sourceTree = "<group>";
		};
		4EBAAD5125835BD500683D2F /* samplesTests */ = {
			isa = PBXGroup;
			children = (
				4EBAAD5225835BD500683D2F /* samplesTests.swift */,
				4EBAAD5425835BD500683D2F /* Info.plist */,
			);
			path = samplesTests;
			sourceTree = "<group>";
		};
		4EBAAD5C25835BD500683D2F /* samplesUITests */ = {
			isa = PBXGroup;
			children = (
				4EBAAD5D25835BD500683D2F /* samplesUITests.swift */,
				4EBAAD5F25835BD500683D2F /* Info.plist */,
			);
			path = samplesUITests;
			sourceTree = "<group>";
		};
/* End PBXGroup section */

/* Begin PBXNativeTarget section */
		4EBAAD3C25835BD400683D2F /* samples */ = {
			isa = PBXNativeTarget;
			buildConfigurationList = 4EBAAD6225835BD500683D2F /* Build configuration list for PBXNativeTarget "samples" */;
			buildPhases = (
				4EBAAD3925835BD400683D2F /* Sources */,
				4EBAAD3A25835BD400683D2F /* Frameworks */,
				4EBAAD3B25835BD400683D2F /* Resources */,
			);
			buildRules = (
			);
			dependencies = (
			);
			name = samples;
			productName = samples;
			productReference = 4EBAAD3D25835BD400683D2F /* samples.app */;
			productType = "com.apple.product-type.application";
		};
		4EBAAD4D25835BD500683D2F /* samplesTests */ = {
			isa = PBXNativeTarget;
			buildConfigurationList = 4EBAAD6525835BD500683D2F /* Build configuration list for PBXNativeTarget "samplesTests" */;
			buildPhases = (
				4EBAAD4A25835BD500683D2F /* Sources */,
				4EBAAD4B25835BD500683D2F /* Frameworks */,
				4EBAAD4C25835BD500683D2F /* Resources */,
			);
			buildRules = (
			);
			dependencies = (
				4EBAAD5025835BD500683D2F /* PBXTargetDependency */,
			);
			name = samplesTests;
			productName = samplesTests;
			productReference = 4EBAAD4E25835BD500683D2F /* samplesTests.xctest */;
			productType = "com.apple.product-type.bundle.unit-test";
		};
		4EBAAD5825835BD500683D2F /* samplesUITests */ = {
			isa = PBXNativeTarget;
			buildConfigurationList = 4EBAAD6825835BD500683D2F /* Build configuration list for PBXNativeTarget "samplesUITests" */;
			buildPhases = (
				4EBAAD5525835BD500683D2F /* Sources */,
				4EBAAD5625835BD500683D2F /* Frameworks */,
				4EBAAD5725835BD500683D2F /* Resources */,
			);
			buildRules = (
			);
			dependencies = (
				4EBAAD5B25835BD500683D2F /* PBXTargetDependency */,
			);
			name = samplesUITests;
			productName = samplesUITests;
			productReference = 4EBAAD5925835BD500683D2F /* samplesUITests.xctest */;
			productType = "com.apple.product-type.bundle.ui-testing";
		};
/* End PBXNativeTarget section */

/* Begin PBXProject section */
		4EBAAD3525835BD400683D2F /* Project object */ = {
			isa = PBXProject;
			attributes = {
				LastSwiftUpdateCheck = 1220;
				LastUpgradeCheck = 1220;
				TargetAttributes = {
					4EBAAD3C25835BD400683D2F = {
						CreatedOnToolsVersion = 12.2;
					};
					4EBAAD4D25835BD500683D2F = {
						CreatedOnToolsVersion = 12.2;
						TestTargetID = 4EBAAD3C25835BD400683D2F;
					};
					4EBAAD5825835BD500683D2F = {
						CreatedOnToolsVersion = 12.2;
						TestTargetID = 4EBAAD3C25835BD400683D2F;
					};
				};
			};
			buildConfigurationList = 4EBAAD3825835BD400683D2F /* Build configuration list for PBXProject "samples" */;
			compatibilityVersion = "Xcode 9.3";
			developmentRegion = en;
			hasScannedForEncodings = 0;
			knownRegions = (
				en,
				Base,
			);
			mainGroup = 4EBAAD3425835BD400683D2F;
			productRefGroup = 4EBAAD3E25835BD400683D2F /* Products */;
			projectDirPath = "";
			projectRoot = "";
			targets = (
				4EBAAD3C25835BD400683D2F /* samples */,
				4EBAAD4D25835BD500683D2F /* samplesTests */,
				4EBAAD5825835BD500683D2F /* samplesUITests */,
			);
		};
/* End PBXProject section */

/* Begin PBXResourcesBuildPhase section */
		4EBAAD3B25835BD400683D2F /* Resources */ = {
			isa = PBXResourcesBuildPhase;
			buildActionMask = 2147483647;
			files = (
				4EBAAD4825835BD500683D2F /* Preview Assets.xcassets in Resources */,
				4EBAAD4525835BD500683D2F /* Assets.xcassets in Resources */,
			);
			runOnlyForDeploymentPostprocessing = 0;
		};
		4EBAAD4C25835BD500683D2F /* Resources */ = {
			isa = PBXResourcesBuildPhase;
			buildActionMask = 2147483647;
			files = (
			);
			runOnlyForDeploymentPostprocessing = 0;
		};
		4EBAAD5725835BD500683D2F /* Resources */ = {
			isa = PBXResourcesBuildPhase;
			buildActionMask = 2147483647;
			files = (
			);
			runOnlyForDeploymentPostprocessing = 0;
		};
/* End PBXResourcesBuildPhase section */

/* Begin PBXSourcesBuildPhase section */
		4EBAAD3925835BD400683D2F /* Sources */ = {
			isa = PBXSourcesBuildPhase;
			buildActionMask = 2147483647;
			files = (
				4EBAAD4325835BD400683D2F /* ContentView.swift in Sources */,
				4EBAAD4125835BD400683D2F /* samplesApp.swift in Sources */,
			);
			runOnlyForDeploymentPostprocessing = 0;
		};
		4EBAAD4A25835BD500683D2F /* Sources */ = {
			isa = PBXSourcesBuildPhase;
			buildActionMask = 2147483647;
			files = (
				4EBAAD5325835BD500683D2F /* samplesTests.swift in Sources */,
			);
			runOnlyForDeploymentPostprocessing = 0;
		};
		4EBAAD5525835BD500683D2F /* Sources */ = {
			isa = PBXSourcesBuildPhase;
			buildActionMask = 2147483647;
			files = (
				4EBAAD5E25835BD500683D2F /* samplesUITests.swift in Sources */,
			);
			runOnlyForDeploymentPostprocessing = 0;
		};
/* End PBXSourcesBuildPhase section */

/* Begin PBXTargetDependency section */
		4EBAAD5025835BD500683D2F /* PBXTargetDependency */ = {
			isa = PBXTargetDependency;
			target = 4EBAAD3C25835BD400683D2F /* samples */;
			targetProxy = 4EBAAD4F25835BD500683D2F /* PBXContainerItemProxy */;
		};
		4EBAAD5B25835BD500683D2F /* PBXTargetDependency */ = {
			isa = PBXTargetDependency;
			target = 4EBAAD3C25835BD400683D2F /* samples */;
			targetProxy = 4EBAAD5A25835BD500683D2F /* PBXContainerItemProxy */;
		};
/* End PBXTargetDependency section */

/* Begin XCBuildConfiguration section */
		4EBAAD6025835BD500683D2F /* Debug */ = {
			isa = XCBuildConfiguration;
			buildSettings = {
				ALWAYS_SEARCH_USER_PATHS = NO;
				CLANG_ANALYZER_NONNULL = YES;
				CLANG_ANALYZER_NUMBER_OBJECT_CONVERSION = YES_AGGRESSIVE;
				CLANG_CXX_LANGUAGE_STANDARD = "gnu++14";
				CLANG_CXX_LIBRARY = "libc++";
				CLANG_ENABLE_MODULES = YES;
				CLANG_ENABLE_OBJC_ARC = YES;
				CLANG_ENABLE_OBJC_WEAK = YES;
				CLANG_WARN_BLOCK_CAPTURE_AUTORELEASING = YES;
				CLANG_WARN_BOOL_CONVERSION = YES;
				CLANG_WARN_COMMA = YES;
				CLANG_WARN_CONSTANT_CONVERSION = YES;
				CLANG_WARN_DEPRECATED_OBJC_IMPLEMENTATIONS = YES;
				CLANG_WARN_DIRECT_OBJC_ISA_USAGE = YES_ERROR;
				CLANG_WARN_DOCUMENTATION_COMMENTS = YES;
				CLANG_WARN_EMPTY_BODY = YES;
				CLANG_WARN_ENUM_CONVERSION = YES;
				CLANG_WARN_INFINITE_RECURSION = YES;
				CLANG_WARN_INT_CONVERSION = YES;
				CLANG_WARN_NON_LITERAL_NULL_CONVERSION = YES;
				CLANG_WARN_OBJC_IMPLICIT_RETAIN_SELF = YES;
				CLANG_WARN_OBJC_LITERAL_CONVERSION = YES;
				CLANG_WARN_OBJC_ROOT_CLASS = YES_ERROR;
				CLANG_WARN_QUOTED_INCLUDE_IN_FRAMEWORK_HEADER = YES;
				CLANG_WARN_RANGE_LOOP_ANALYSIS = YES;
				CLANG_WARN_STRICT_PROTOTYPES = YES;
				CLANG_WARN_SUSPICIOUS_MOVE = YES;
				CLANG_WARN_UNGUARDED_AVAILABILITY = YES_AGGRESSIVE;
				CLANG_WARN_UNREACHABLE_CODE = YES;
				CLANG_WARN__DUPLICATE_METHOD_MATCH = YES;
				COPY_PHASE_STRIP = NO;
				DEBUG_INFORMATION_FORMAT = dwarf;
				ENABLE_STRICT_OBJC_MSGSEND = YES;
				ENABLE_TESTABILITY = YES;
				GCC_C_LANGUAGE_STANDARD = gnu11;
				GCC_DYNAMIC_NO_PIC = NO;
				GCC_NO_COMMON_BLOCKS = YES;
				GCC_OPTIMIZATION_LEVEL = 0;
				GCC_PREPROCESSOR_DEFINITIONS = (
					"DEBUG=1",
					"$(inherited)",
				);
				GCC_WARN_64_TO_32_BIT_CONVERSION = YES;
				GCC_WARN_ABOUT_RETURN_TYPE = YES_ERROR;
				GCC_WARN_UNDECLARED_SELECTOR = YES;
				GCC_WARN_UNINITIALIZED_AUTOS = YES_AGGRESSIVE;
				GCC_WARN_UNUSED_FUNCTION = YES;
				GCC_WARN_UNUSED_VARIABLE = YES;
				IPHONEOS_DEPLOYMENT_TARGET = 14.2;
				MTL_ENABLE_DEBUG_INFO = INCLUDE_SOURCE;
				MTL_FAST_MATH = YES;
				ONLY_ACTIVE_ARCH = YES;
				SDKROOT = iphoneos;
				SWIFT_ACTIVE_COMPILATION_CONDITIONS = DEBUG;
				SWIFT_OPTIMIZATION_LEVEL = "-Onone";
			};
			name = Debug;
		};
		4EBAAD6125835BD500683D2F /* Release */ = {
			isa = XCBuildConfiguration;
			buildSettings = {
				ALWAYS_SEARCH_USER_PATHS = NO;
				CLANG_ANALYZER_NONNULL = YES;
				CLANG_ANALYZER_NUMBER_OBJECT_CONVERSION = YES_AGGRESSIVE;
				CLANG_CXX_LANGUAGE_STANDARD = "gnu++14";
				CLANG_CXX_LIBRARY = "libc++";
				CLANG_ENABLE_MODULES = YES;
				CLANG_ENABLE_OBJC_ARC = YES;
				CLANG_ENABLE_OBJC_WEAK = YES;
				CLANG_WARN_BLOCK_CAPTURE_AUTORELEASING = YES;
				CLANG_WARN_BOOL_CONVERSION = YES;
				CLANG_WARN_COMMA = YES;
				CLANG_WARN_CONSTANT_CONVERSION = YES;
				CLANG_WARN_DEPRECATED_OBJC_IMPLEMENTATIONS = YES;
				CLANG_WARN_DIRECT_OBJC_ISA_USAGE = YES_ERROR;
				CLANG_WARN_DOCUMENTATION_COMMENTS = YES;
				CLANG_WARN_EMPTY_BODY = YES;
				CLANG_WARN_ENUM_CONVERSION = YES;
				CLANG_WARN_INFINITE_RECURSION = YES;
				CLANG_WARN_INT_CONVERSION = YES;
				CLANG_WARN_NON_LITERAL_NULL_CONVERSION = YES;
				CLANG_WARN_OBJC_IMPLICIT_RETAIN_SELF = YES;
				CLANG_WARN_OBJC_LITERAL_CONVERSION = YES;
				CLANG_WARN_OBJC_ROOT_CLASS = YES_ERROR;
				CLANG_WARN_QUOTED_INCLUDE_IN_FRAMEWORK_HEADER = YES;
				CLANG_WARN_RANGE_LOOP_ANALYSIS = YES;
				CLANG_WARN_STRICT_PROTOTYPES = YES;
				CLANG_WARN_SUSPICIOUS_MOVE = YES;
				CLANG_WARN_UNGUARDED_AVAILABILITY = YES_AGGRESSIVE;
				CLANG_WARN_UNREACHABLE_CODE = YES;
				CLANG_WARN__DUPLICATE_METHOD_MATCH = YES;
				COPY_PHASE_STRIP = NO;
				DEBUG_INFORMATION_FORMAT = "dwarf-with-dsym";
				ENABLE_NS_ASSERTIONS = NO;
				ENABLE_STRICT_OBJC_MSGSEND = YES;
				GCC_C_LANGUAGE_STANDARD = gnu11;
				GCC_NO_COMMON_BLOCKS = YES;
				GCC_WARN_64_TO_32_BIT_CONVERSION = YES;
				GCC_WARN_ABOUT_RETURN_TYPE = YES_ERROR;
				GCC_WARN_UNDECLARED_SELECTOR = YES;
				GCC_WARN_UNINITIALIZED_AUTOS = YES_AGGRESSIVE;
				GCC_WARN_UNUSED_FUNCTION = YES;
				GCC_WARN_UNUSED_VARIABLE = YES;
				IPHONEOS_DEPLOYMENT_TARGET = 14.2;
				MTL_ENABLE_DEBUG_INFO = NO;
				MTL_FAST_MATH = YES;
				SDKROOT = iphoneos;
				SWIFT_COMPILATION_MODE = wholemodule;
				SWIFT_OPTIMIZATION_LEVEL = "-O";
				VALIDATE_PRODUCT = YES;
			};
			name = Release;
		};
		4EBAAD6325835BD500683D2F /* Debug */ = {
			isa = XCBuildConfiguration;
			buildSettings = {
				ASSETCATALOG_COMPILER_APPICON_NAME = AppIcon;
				ASSETCATALOG_COMPILER_GLOBAL_ACCENT_COLOR_NAME = AccentColor;
				CODE_SIGN_STYLE = Automatic;
				DEVELOPMENT_ASSET_PATHS = "\"samples/Preview Content\"";
				DEVELOPMENT_TEAM = DGU62967GY;
				ENABLE_PREVIEWS = YES;
				INFOPLIST_FILE = samples/Info.plist;
				IPHONEOS_DEPLOYMENT_TARGET = 14.0;
				LD_RUNPATH_SEARCH_PATHS = (
					"$(inherited)",
					"@executable_path/Frameworks",
				);
				PRODUCT_BUNDLE_IDENTIFIER = id.web.kangketik.samples;
				PRODUCT_NAME = "$(TARGET_NAME)";
				SWIFT_VERSION = 5.0;
				TARGETED_DEVICE_FAMILY = "1,2";
			};
			name = Debug;
		};
		4EBAAD6425835BD500683D2F /* Release */ = {
			isa = XCBuildConfiguration;
			buildSettings = {
				ASSETCATALOG_COMPILER_APPICON_NAME = AppIcon;
				ASSETCATALOG_COMPILER_GLOBAL_ACCENT_COLOR_NAME = AccentColor;
				CODE_SIGN_STYLE = Automatic;
				DEVELOPMENT_ASSET_PATHS = "\"samples/Preview Content\"";
				DEVELOPMENT_TEAM = DGU62967GY;
				ENABLE_PREVIEWS = YES;
				INFOPLIST_FILE = samples/Info.plist;
				IPHONEOS_DEPLOYMENT_TARGET = 14.0;
				LD_RUNPATH_SEARCH_PATHS = (
					"$(inherited)",
					"@executable_path/Frameworks",
				);
				PRODUCT_BUNDLE_IDENTIFIER = id.web.kangketik.samples;
				PRODUCT_NAME = "$(TARGET_NAME)";
				SWIFT_VERSION = 5.0;
				TARGETED_DEVICE_FAMILY = "1,2";
			};
			name = Release;
		};
		4EBAAD6625835BD500683D2F /* Debug */ = {
			isa = XCBuildConfiguration;
			buildSettings = {
				ALWAYS_EMBED_SWIFT_STANDARD_LIBRARIES = YES;
				BUNDLE_LOADER = "$(TEST_HOST)";
				CODE_SIGN_STYLE = Automatic;
				DEVELOPMENT_TEAM = DGU62967GY;
				INFOPLIST_FILE = samplesTests/Info.plist;
				IPHONEOS_DEPLOYMENT_TARGET = 14.0;
				LD_RUNPATH_SEARCH_PATHS = (
					"$(inherited)",
					"@executable_path/Frameworks",
					"@loader_path/Frameworks",
				);
				PRODUCT_BUNDLE_IDENTIFIER = id.web.kangketik.samplesTests;
				PRODUCT_NAME = "$(TARGET_NAME)";
				SWIFT_VERSION = 5.0;
				TARGETED_DEVICE_FAMILY = "1,2";
				TEST_HOST = "$(BUILT_PRODUCTS_DIR)/samples.app/samples";
			};
			name = Debug;
		};
		4EBAAD6725835BD500683D2F /* Release */ = {
			isa = XCBuildConfiguration;
			buildSettings = {
				ALWAYS_EMBED_SWIFT_STANDARD_LIBRARIES = YES;
				BUNDLE_LOADER = "$(TEST_HOST)";
				CODE_SIGN_STYLE = Automatic;
				DEVELOPMENT_TEAM = DGU62967GY;
				INFOPLIST_FILE = samplesTests/Info.plist;
				IPHONEOS_DEPLOYMENT_TARGET = 14.0;
				LD_RUNPATH_SEARCH_PATHS = (
					"$(inherited)",
					"@executable_path/Frameworks",
					"@loader_path/Frameworks",
				);
				PRODUCT_BUNDLE_IDENTIFIER = id.web.kangketik.samplesTests;
				PRODUCT_NAME = "$(TARGET_NAME)";
				SWIFT_VERSION = 5.0;
				TARGETED_DEVICE_FAMILY = "1,2";
				TEST_HOST = "$(BUILT_PRODUCTS_DIR)/samples.app/samples";
			};
			name = Release;
		};
		4EBAAD6925835BD500683D2F /* Debug */ = {
			isa = XCBuildConfiguration;
			buildSettings = {
				ALWAYS_EMBED_SWIFT_STANDARD_LIBRARIES = YES;
				CODE_SIGN_STYLE = Automatic;
				DEVELOPMENT_TEAM = DGU62967GY;
				INFOPLIST_FILE = samplesUITests/Info.plist;
				LD_RUNPATH_SEARCH_PATHS = (
					"$(inherited)",
					"@executable_path/Frameworks",
					"@loader_path/Frameworks",
				);
				PRODUCT_BUNDLE_IDENTIFIER = id.web.kangketik.samplesUITests;
				PRODUCT_NAME = "$(TARGET_NAME)";
				SWIFT_VERSION = 5.0;
				TARGETED_DEVICE_FAMILY = "1,2";
				TEST_TARGET_NAME = samples;
			};
			name = Debug;
		};
		4EBAAD6A25835BD500683D2F /* Release */ = {
			isa = XCBuildConfiguration;
			buildSettings = {
				ALWAYS_EMBED_SWIFT_STANDARD_LIBRARIES = YES;
				CODE_SIGN_STYLE = Automatic;
				DEVELOPMENT_TEAM = DGU62967GY;
				INFOPLIST_FILE = samplesUITests/Info.plist;
				LD_RUNPATH_SEARCH_PATHS = (
					"$(inherited)",
					"@executable_path/Frameworks",
					"@loader_path/Frameworks",
				);
				PRODUCT_BUNDLE_IDENTIFIER = id.web.kangketik.samplesUITests;
				PRODUCT_NAME = "$(TARGET_NAME)";
				SWIFT_VERSION = 5.0;
				TARGETED_DEVICE_FAMILY = "1,2";
				TEST_TARGET_NAME = samples;
			};
			name = Release;
		};
/* End XCBuildConfiguration section */

/* Begin XCConfigurationList section */
		4EBAAD3825835BD400683D2F /* Build configuration list for PBXProject "samples" */ = {
			isa = XCConfigurationList;
			buildConfigurations = (
				4EBAAD6025835BD500683D2F /* Debug */,
				4EBAAD6125835BD500683D2F /* Release */,
			);
			defaultConfigurationIsVisible = 0;
			defaultConfigurationName = Release;
		};
		4EBAAD6225835BD500683D2F /* Build configuration list for PBXNativeTarget "samples" */ = {
			isa = XCConfigurationList;
			buildConfigurations = (
				4EBAAD6325835BD500683D2F /* Debug */,
				4EBAAD6425835BD500683D2F /* Release */,
			);
			defaultConfigurationIsVisible = 0;
			defaultConfigurationName = Release;
		};
		4EBAAD6525835BD500683D2F /* Build configuration list for PBXNativeTarget "samplesTests" */ = {
			isa = XCConfigurationList;
			buildConfigurations = (
				4EBAAD6625835BD500683D2F /* Debug */,
				4EBAAD6725835BD500683D2F /* Release */,
			);
			defaultConfigurationIsVisible = 0;
			defaultConfigurationName = Release;
		};
		4EBAAD6825835BD500683D2F /* Build configuration list for PBXNativeTarget "samplesUITests" */ = {
			isa = XCConfigurationList;
			buildConfigurations = (
				4EBAAD6925835BD500683D2F /* Debug */,
				4EBAAD6A25835BD500683D2F /* Release */,
			);
			defaultConfigurationIsVisible = 0;
			defaultConfigurationName = Release;
		};
/* End XCConfigurationList section */
	};
	rootObject = 4EBAAD3525835BD400683D2F /* Project object */;
}
